
Microsoft Visual Studio Solution File, Format Version 10.00
# Visual Studio 2008
Project("{FAE04EC0-301F-11D3-BF4B-00C04F79EFBC}") = "EDM.FoundationClasses", "EDM.FoundationClasses\EDM.FoundationClasses.csproj", "{11DFA2E2-89A3-413B-9869-285F4D31DA81}"
EndProject
Project("{FAE04EC0-301F-11D3-BF4B-00C04F79EFBC}") = "EDM.Generator", "EDM.Generator\EDM.Generator.csproj", "{7D9B24A8-4719-49BA-96D8-097EBE724254}"
EndProject
Project("{FAE04EC0-301F-11D3-BF4B-00C04F79EFBC}") = "EDM.GeneratorEntryPoint", "EDM.GeneratorEntryPoint\EDM.GeneratorEntryPoint.csproj", "{CA3C6DD3-3684-45BB-BA95-860FEF469B97}"
EndProject
Project("{2150E333-8FDC-42A3-9474-1A3956D46DE8}") = "3D", "3D", "{30968AAB-2B3C-44C0-AA19-92CD2FBE4F2F}"
	ProjectSection(SolutionItems) = preProject
		3D\3D.xml = 3D\3D.xml
		3D\3dValidator.xsd = 3D\3dValidator.xsd
	EndProjectSection
EndProject
Project("{FAE04EC0-301F-11D3-BF4B-00C04F79EFBC}") = "EDM.Template", "EDM.Template\EDM.Template.csproj", "{30FD608F-ECA1-4128-B476-00B68B2DF2A9}"
	ProjectSection(ProjectDependencies) = postProject
		{CCA112D9-4548-4523-A0E4-99FEFFA99B7C} = {CCA112D9-4548-4523-A0E4-99FEFFA99B7C}
	EndProjectSection
EndProject
Project("{FAE04EC0-301F-11D3-BF4B-00C04F79EFBC}") = "EDM.TemplateInstaller", "EDM.TemplateInstaller\EDM.TemplateInstaller.csproj", "{CCA112D9-4548-4523-A0E4-99FEFFA99B7C}"
EndProject
Project("{54435603-DBB4-11D2-8724-00A0C9A8B90C}") = "EDM.TemplateSetup", "EDM.TemplateSetup\EDM.TemplateSetup.vdproj", "{649090F8-AE68-4C40-98A9-E6C8CA24B075}"
EndProject
Project("{FAE04EC0-301F-11D3-BF4B-00C04F79EFBC}") = "EDM.Tester", "EDM.Tester\EDM.Tester.csproj", "{D9476FD6-BCED-4A10-A8A4-F90247DBA791}"
EndProject
Global
	GlobalSection(SolutionConfigurationPlatforms) = preSolution
		Debug|Any CPU = Debug|Any CPU
		Release|Any CPU = Release|Any CPU
	EndGlobalSection
	GlobalSection(ProjectConfigurationPlatforms) = postSolution
		{11DFA2E2-89A3-413B-9869-285F4D31DA81}.Debug|Any CPU.ActiveCfg = Debug|Any CPU
		{11DFA2E2-89A3-413B-9869-285F4D31DA81}.Debug|Any CPU.Build.0 = Debug|Any CPU
		{11DFA2E2-89A3-413B-9869-285F4D31DA81}.Release|Any CPU.ActiveCfg = Release|Any CPU
		{11DFA2E2-89A3-413B-9869-285F4D31DA81}.Release|Any CPU.Build.0 = Release|Any CPU
		{7D9B24A8-4719-49BA-96D8-097EBE724254}.Debug|Any CPU.ActiveCfg = Debug|Any CPU
		{7D9B24A8-4719-49BA-96D8-097EBE724254}.Debug|Any CPU.Build.0 = Debug|Any CPU
		{7D9B24A8-4719-49BA-96D8-097EBE724254}.Release|Any CPU.ActiveCfg = Release|Any CPU
		{7D9B24A8-4719-49BA-96D8-097EBE724254}.Release|Any CPU.Build.0 = Release|Any CPU
		{CA3C6DD3-3684-45BB-BA95-860FEF469B97}.Debug|Any CPU.ActiveCfg = Debug|Any CPU
		{CA3C6DD3-3684-45BB-BA95-860FEF469B97}.Debug|Any CPU.Build.0 = Debug|Any CPU
		{CA3C6DD3-3684-45BB-BA95-860FEF469B97}.Release|Any CPU.ActiveCfg = Release|Any CPU
		{CA3C6DD3-3684-45BB-BA95-860FEF469B97}.Release|Any CPU.Build.0 = Release|Any CPU
		{30FD608F-ECA1-4128-B476-00B68B2DF2A9}.Debug|Any CPU.ActiveCfg = Debug|Any CPU
		{30FD608F-ECA1-4128-B476-00B68B2DF2A9}.Debug|Any CPU.Build.0 = Debug|Any CPU
		{30FD608F-ECA1-4128-B476-00B68B2DF2A9}.Release|Any CPU.ActiveCfg = Release|Any CPU
		{30FD608F-ECA1-4128-B476-00B68B2DF2A9}.Release|Any CPU.Build.0 = Release|Any CPU
		{CCA112D9-4548-4523-A0E4-99FEFFA99B7C}.Debug|Any CPU.ActiveCfg = Debug|Any CPU
		{CCA112D9-4548-4523-A0E4-99FEFFA99B7C}.Debug|Any CPU.Build.0 = Debug|Any CPU
		{CCA112D9-4548-4523-A0E4-99FEFFA99B7C}.Release|Any CPU.ActiveCfg = Release|Any CPU
		{CCA112D9-4548-4523-A0E4-99FEFFA99B7C}.Release|Any CPU.Build.0 = Release|Any CPU
		{649090F8-AE68-4C40-98A9-E6C8CA24B075}.Debug|Any CPU.ActiveCfg = Debug
		{649090F8-AE68-4C40-98A9-E6C8CA24B075}.Debug|Any CPU.Build.0 = Debug
		{649090F8-AE68-4C40-98A9-E6C8CA24B075}.Release|Any CPU.ActiveCfg = Release
		{649090F8-AE68-4C40-98A9-E6C8CA24B075}.Release|Any CPU.Build.0 = Release
		{D9476FD6-BCED-4A10-A8A4-F90247DBA791}.Debug|Any CPU.ActiveCfg = Debug|Any CPU
		{D9476FD6-BCED-4A10-A8A4-F90247DBA791}.Debug|Any CPU.Build.0 = Debug|Any CPU
		{D9476FD6-BCED-4A10-A8A4-F90247DBA791}.Release|Any CPU.ActiveCfg = Release|Any CPU
		{D9476FD6-BCED-4A10-A8A4-F90247DBA791}.Release|Any CPU.Build.0 = Release|Any CPU
	EndGlobalSection
	GlobalSection(SolutionProperties) = preSolution
		HideSolutionNode = FALSE
	EndGlobalSection
EndGlobal
