
Microsoft Visual Studio Solution File, Format Version 10.00
# Visual Studio 2008
Project("{FAE04EC0-301F-11D3-BF4B-00C04F79EFBC}") = "ISEL.Sample.Rtti", "ISEL.Sample.Rtti\ISEL.Sample.Rtti.csproj", "{9E8F6B15-A4B1-4563-8B36-809CF9A5CECF}"
EndProject
Project("{FAE04EC0-301F-11D3-BF4B-00C04F79EFBC}") = "ISEL.Sample.Entity", "ISEL.Sample.Entity\ISEL.Sample.Entity.csproj", "{74732A93-5C0F-498E-AB40-42E4231CBB7F}"
EndProject
Project("{FAE04EC0-301F-11D3-BF4B-00C04F79EFBC}") = "ISEL.Sample.Ws", "ISEL.Sample.Ws\ISEL.Sample.Ws.csproj", "{FE53B4EE-4704-40B6-8298-DE88CF64D540}"
EndProject
Project("{FAE04EC0-301F-11D3-BF4B-00C04F79EFBC}") = "ISEL.Sample.Services", "ISEL.Sample.Services\ISEL.Sample.Services.csproj", "{7E29FB31-F19E-40DC-8F96-8FBF9FDCBC40}"
EndProject
Project("{2150E333-8FDC-42A3-9474-1A3956D46DE8}") = "Persistence", "Persistence", "{12FC0B79-363A-46DE-A1E4-C43ED9EF93DD}"
	ProjectSection(SolutionItems) = preProject
		Persistence\hibernate.cfg.xml = Persistence\hibernate.cfg.xml
	EndProjectSection
EndProject
Project("{FAE04EC0-301F-11D3-BF4B-00C04F79EFBC}") = "ISEL.Sample.Fe", "ISEL.Sample.Fe\ISEL.Sample.Fe.csproj", "{808BECC4-30E1-4A56-B3A6-8FE003175707}"
EndProject
Project("{2150E333-8FDC-42A3-9474-1A3956D46DE8}") = "3D", "3D", "{9F3DAD37-9B08-41E3-8AA9-8872B2BAF48A}"
	ProjectSection(SolutionItems) = preProject
		3D\3d.xml = 3D\3d.xml
		3D\3dValidator.xsd = 3D\3dValidator.xsd
	EndProjectSection
EndProject
Project("{FAE04EC0-301F-11D3-BF4B-00C04F79EFBC}") = "ISEL.Sample.Console", "ISEL.Sample.Console\ISEL.Sample.Console.csproj", "{88D2F146-0F32-4A09-95DA-B7B8598922E6}"
EndProject
Global
	GlobalSection(SolutionConfigurationPlatforms) = preSolution
		Debug|Any CPU = Debug|Any CPU
		Release|Any CPU = Release|Any CPU
	EndGlobalSection
	GlobalSection(ProjectConfigurationPlatforms) = postSolution
		{9E8F6B15-A4B1-4563-8B36-809CF9A5CECF}.Debug|Any CPU.ActiveCfg = Debug|Any CPU
		{9E8F6B15-A4B1-4563-8B36-809CF9A5CECF}.Debug|Any CPU.Build.0 = Debug|Any CPU
		{9E8F6B15-A4B1-4563-8B36-809CF9A5CECF}.Release|Any CPU.ActiveCfg = Release|Any CPU
		{9E8F6B15-A4B1-4563-8B36-809CF9A5CECF}.Release|Any CPU.Build.0 = Release|Any CPU
		{74732A93-5C0F-498E-AB40-42E4231CBB7F}.Debug|Any CPU.ActiveCfg = Debug|Any CPU
		{74732A93-5C0F-498E-AB40-42E4231CBB7F}.Debug|Any CPU.Build.0 = Debug|Any CPU
		{74732A93-5C0F-498E-AB40-42E4231CBB7F}.Release|Any CPU.ActiveCfg = Release|Any CPU
		{74732A93-5C0F-498E-AB40-42E4231CBB7F}.Release|Any CPU.Build.0 = Release|Any CPU
		{FE53B4EE-4704-40B6-8298-DE88CF64D540}.Debug|Any CPU.ActiveCfg = Debug|Any CPU
		{FE53B4EE-4704-40B6-8298-DE88CF64D540}.Debug|Any CPU.Build.0 = Debug|Any CPU
		{FE53B4EE-4704-40B6-8298-DE88CF64D540}.Release|Any CPU.ActiveCfg = Release|Any CPU
		{FE53B4EE-4704-40B6-8298-DE88CF64D540}.Release|Any CPU.Build.0 = Release|Any CPU
		{7E29FB31-F19E-40DC-8F96-8FBF9FDCBC40}.Debug|Any CPU.ActiveCfg = Debug|Any CPU
		{7E29FB31-F19E-40DC-8F96-8FBF9FDCBC40}.Debug|Any CPU.Build.0 = Debug|Any CPU
		{7E29FB31-F19E-40DC-8F96-8FBF9FDCBC40}.Release|Any CPU.ActiveCfg = Release|Any CPU
		{7E29FB31-F19E-40DC-8F96-8FBF9FDCBC40}.Release|Any CPU.Build.0 = Release|Any CPU
		{808BECC4-30E1-4A56-B3A6-8FE003175707}.Debug|Any CPU.ActiveCfg = Debug|Any CPU
		{808BECC4-30E1-4A56-B3A6-8FE003175707}.Debug|Any CPU.Build.0 = Debug|Any CPU
		{808BECC4-30E1-4A56-B3A6-8FE003175707}.Release|Any CPU.ActiveCfg = Release|Any CPU
		{808BECC4-30E1-4A56-B3A6-8FE003175707}.Release|Any CPU.Build.0 = Release|Any CPU
		{88D2F146-0F32-4A09-95DA-B7B8598922E6}.Debug|Any CPU.ActiveCfg = Debug|Any CPU
		{88D2F146-0F32-4A09-95DA-B7B8598922E6}.Debug|Any CPU.Build.0 = Debug|Any CPU
		{88D2F146-0F32-4A09-95DA-B7B8598922E6}.Release|Any CPU.ActiveCfg = Release|Any CPU
		{88D2F146-0F32-4A09-95DA-B7B8598922E6}.Release|Any CPU.Build.0 = Release|Any CPU
	EndGlobalSection
	GlobalSection(SolutionProperties) = preSolution
		HideSolutionNode = FALSE
	EndGlobalSection
EndGlobal
