
Microsoft Visual Studio Solution File, Format Version 10.00
# Visual Studio 2008
Project("{FAE04EC0-301F-11D3-BF4B-00C04F79EFBC}") = "EDM.FoundationClasses", "EDM.FoundationClasses\EDM.FoundationClasses.csproj", "{11DFA2E2-89A3-413B-9869-285F4D31DA81}"
EndProject
Project("{FAE04EC0-301F-11D3-BF4B-00C04F79EFBC}") = "GenRtti", "GenRtti\GenRtti.csproj", "{5487222B-50C5-407E-9152-4614825BE8EF}"
EndProject
Project("{FAE04EC0-301F-11D3-BF4B-00C04F79EFBC}") = "GenEntity", "GenEntity\GenEntity.csproj", "{D4C18F17-7C3C-4A71-8F9A-08DFA8D5C353}"
EndProject
Project("{FAE04EC0-301F-11D3-BF4B-00C04F79EFBC}") = "EDM.Generator", "EDM.Generator\EDM.Generator.csproj", "{7D9B24A8-4719-49BA-96D8-097EBE724254}"
EndProject
Project("{FAE04EC0-301F-11D3-BF4B-00C04F79EFBC}") = "EDM.GeneratorEntryPoint", "EDM.GeneratorEntryPoint\EDM.GeneratorEntryPoint.csproj", "{CA3C6DD3-3684-45BB-BA95-860FEF469B97}"
EndProject
Project("{2150E333-8FDC-42A3-9474-1A3956D46DE8}") = "Solution Items", "Solution Items", "{679B0FBC-C779-4D72-A4DD-432CA453AE29}"
	ProjectSection(SolutionItems) = preProject
		3D\3D.xml = 3D\3D.xml
	EndProjectSection
EndProject
Global
	GlobalSection(SolutionConfigurationPlatforms) = preSolution
		Debug|Any CPU = Debug|Any CPU
		Release|Any CPU = Release|Any CPU
	EndGlobalSection
	GlobalSection(ProjectConfigurationPlatforms) = postSolution
		{11DFA2E2-89A3-413B-9869-285F4D31DA81}.Debug|Any CPU.ActiveCfg = Debug|Any CPU
		{11DFA2E2-89A3-413B-9869-285F4D31DA81}.Debug|Any CPU.Build.0 = Debug|Any CPU
		{11DFA2E2-89A3-413B-9869-285F4D31DA81}.Release|Any CPU.ActiveCfg = Release|Any CPU
		{11DFA2E2-89A3-413B-9869-285F4D31DA81}.Release|Any CPU.Build.0 = Release|Any CPU
		{5487222B-50C5-407E-9152-4614825BE8EF}.Debug|Any CPU.ActiveCfg = Debug|Any CPU
		{5487222B-50C5-407E-9152-4614825BE8EF}.Debug|Any CPU.Build.0 = Debug|Any CPU
		{5487222B-50C5-407E-9152-4614825BE8EF}.Release|Any CPU.ActiveCfg = Release|Any CPU
		{5487222B-50C5-407E-9152-4614825BE8EF}.Release|Any CPU.Build.0 = Release|Any CPU
		{D4C18F17-7C3C-4A71-8F9A-08DFA8D5C353}.Debug|Any CPU.ActiveCfg = Debug|Any CPU
		{D4C18F17-7C3C-4A71-8F9A-08DFA8D5C353}.Debug|Any CPU.Build.0 = Debug|Any CPU
		{D4C18F17-7C3C-4A71-8F9A-08DFA8D5C353}.Release|Any CPU.ActiveCfg = Release|Any CPU
		{D4C18F17-7C3C-4A71-8F9A-08DFA8D5C353}.Release|Any CPU.Build.0 = Release|Any CPU
		{7D9B24A8-4719-49BA-96D8-097EBE724254}.Debug|Any CPU.ActiveCfg = Debug|Any CPU
		{7D9B24A8-4719-49BA-96D8-097EBE724254}.Debug|Any CPU.Build.0 = Debug|Any CPU
		{7D9B24A8-4719-49BA-96D8-097EBE724254}.Release|Any CPU.ActiveCfg = Release|Any CPU
		{7D9B24A8-4719-49BA-96D8-097EBE724254}.Release|Any CPU.Build.0 = Release|Any CPU
		{CA3C6DD3-3684-45BB-BA95-860FEF469B97}.Debug|Any CPU.ActiveCfg = Debug|Any CPU
		{CA3C6DD3-3684-45BB-BA95-860FEF469B97}.Debug|Any CPU.Build.0 = Debug|Any CPU
		{CA3C6DD3-3684-45BB-BA95-860FEF469B97}.Release|Any CPU.ActiveCfg = Release|Any CPU
		{CA3C6DD3-3684-45BB-BA95-860FEF469B97}.Release|Any CPU.Build.0 = Release|Any CPU
	EndGlobalSection
	GlobalSection(SolutionProperties) = preSolution
		HideSolutionNode = FALSE
	EndGlobalSection
EndGlobal
