
Microsoft Visual Studio Solution File, Format Version 10.00
# Visual Studio 2008
Project("{FAE04EC0-301F-11D3-BF4B-00C04F79EFBC}") = "EDM.FoundationClasses", "EDM.FoundationClasses\EDM.FoundationClasses.csproj", "{11DFA2E2-89A3-413B-9869-285F4D31DA81}"
EndProject
Project("{FAE04EC0-301F-11D3-BF4B-00C04F79EFBC}") = "EDM.Generator", "EDM.Generator\EDM.Generator.csproj", "{7D9B24A8-4719-49BA-96D8-097EBE724254}"
EndProject
Project("{FAE04EC0-301F-11D3-BF4B-00C04F79EFBC}") = "EDM.GeneratorEntryPoint", "EDM.GeneratorEntryPoint\EDM.GeneratorEntryPoint.csproj", "{CA3C6DD3-3684-45BB-BA95-860FEF469B97}"
EndProject
Project("{FAE04EC0-301F-11D3-BF4B-00C04F79EFBC}") = "EDM.PlugIn", "EDM.PlugIn\EDM.PlugIn.csproj", "{42266BFD-2680-4F51-828B-094B9E987374}"
EndProject
Project("{FAE04EC0-301F-11D3-BF4B-00C04F79EFBC}") = "EDM.PlugInUI", "EDM.PlugInUI\EDM.PlugInUI.csproj", "{3EBF0EF6-0B73-41BA-9FEC-DA9567D90DB2}"
EndProject
Project("{2150E333-8FDC-42A3-9474-1A3956D46DE8}") = "3D", "3D", "{30968AAB-2B3C-44C0-AA19-92CD2FBE4F2F}"
	ProjectSection(SolutionItems) = preProject
		3D\3D.xml = 3D\3D.xml
		3D\3dValidator.xsd = 3D\3dValidator.xsd
	EndProjectSection
EndProject
Global
	GlobalSection(SolutionConfigurationPlatforms) = preSolution
		Debug|Any CPU = Debug|Any CPU
		Release|Any CPU = Release|Any CPU
	EndGlobalSection
	GlobalSection(ProjectConfigurationPlatforms) = postSolution
		{11DFA2E2-89A3-413B-9869-285F4D31DA81}.Debug|Any CPU.ActiveCfg = Debug|Any CPU
		{11DFA2E2-89A3-413B-9869-285F4D31DA81}.Debug|Any CPU.Build.0 = Debug|Any CPU
		{11DFA2E2-89A3-413B-9869-285F4D31DA81}.Release|Any CPU.ActiveCfg = Release|Any CPU
		{11DFA2E2-89A3-413B-9869-285F4D31DA81}.Release|Any CPU.Build.0 = Release|Any CPU
		{7D9B24A8-4719-49BA-96D8-097EBE724254}.Debug|Any CPU.ActiveCfg = Debug|Any CPU
		{7D9B24A8-4719-49BA-96D8-097EBE724254}.Debug|Any CPU.Build.0 = Debug|Any CPU
		{7D9B24A8-4719-49BA-96D8-097EBE724254}.Release|Any CPU.ActiveCfg = Release|Any CPU
		{7D9B24A8-4719-49BA-96D8-097EBE724254}.Release|Any CPU.Build.0 = Release|Any CPU
		{CA3C6DD3-3684-45BB-BA95-860FEF469B97}.Debug|Any CPU.ActiveCfg = Debug|Any CPU
		{CA3C6DD3-3684-45BB-BA95-860FEF469B97}.Debug|Any CPU.Build.0 = Debug|Any CPU
		{CA3C6DD3-3684-45BB-BA95-860FEF469B97}.Release|Any CPU.ActiveCfg = Release|Any CPU
		{CA3C6DD3-3684-45BB-BA95-860FEF469B97}.Release|Any CPU.Build.0 = Release|Any CPU
		{42266BFD-2680-4F51-828B-094B9E987374}.Debug|Any CPU.ActiveCfg = Debug|Any CPU
		{42266BFD-2680-4F51-828B-094B9E987374}.Debug|Any CPU.Build.0 = Debug|Any CPU
		{42266BFD-2680-4F51-828B-094B9E987374}.Release|Any CPU.ActiveCfg = Release|Any CPU
		{42266BFD-2680-4F51-828B-094B9E987374}.Release|Any CPU.Build.0 = Release|Any CPU
		{3EBF0EF6-0B73-41BA-9FEC-DA9567D90DB2}.Debug|Any CPU.ActiveCfg = Debug|Any CPU
		{3EBF0EF6-0B73-41BA-9FEC-DA9567D90DB2}.Debug|Any CPU.Build.0 = Debug|Any CPU
		{3EBF0EF6-0B73-41BA-9FEC-DA9567D90DB2}.Release|Any CPU.ActiveCfg = Release|Any CPU
		{3EBF0EF6-0B73-41BA-9FEC-DA9567D90DB2}.Release|Any CPU.Build.0 = Release|Any CPU
	EndGlobalSection
	GlobalSection(SolutionProperties) = preSolution
		HideSolutionNode = FALSE
	EndGlobalSection
EndGlobal
