
Microsoft Visual Studio Solution File, Format Version 10.00
# Visual Studio 2008
Project("{FAE04EC0-301F-11D3-BF4B-00C04F79EFBC}") = "EDM.GuidanceInstaller", "EDM.GuidanceInstaller\EDM.GuidanceInstaller.csproj", "{CCA112D9-4548-4523-A0E4-99FEFFA99B7C}"
EndProject
Project("{FAE04EC0-301F-11D3-BF4B-00C04F79EFBC}") = "EDM.Guidance", "EDM.Guidance\EDM.Guidance.csproj", "{30FD608F-ECA1-4128-B476-00B68B2DF2A9}"
	ProjectSection(ProjectDependencies) = postProject
		{CCA112D9-4548-4523-A0E4-99FEFFA99B7C} = {CCA112D9-4548-4523-A0E4-99FEFFA99B7C}
	EndProjectSection
EndProject
Project("{54435603-DBB4-11D2-8724-00A0C9A8B90C}") = "EDM.GuidanceSetup", "EDM.GuidanceSetup\EDM.GuidanceSetup.vdproj", "{C9672B36-AC1F-4EDC-A18F-B5F6F79F24D6}"
EndProject
Global
	GlobalSection(SolutionConfigurationPlatforms) = preSolution
		Debug|Any CPU = Debug|Any CPU
		Release|Any CPU = Release|Any CPU
	EndGlobalSection
	GlobalSection(ProjectConfigurationPlatforms) = postSolution
		{CCA112D9-4548-4523-A0E4-99FEFFA99B7C}.Debug|Any CPU.ActiveCfg = Debug|Any CPU
		{CCA112D9-4548-4523-A0E4-99FEFFA99B7C}.Debug|Any CPU.Build.0 = Debug|Any CPU
		{CCA112D9-4548-4523-A0E4-99FEFFA99B7C}.Release|Any CPU.ActiveCfg = Release|Any CPU
		{CCA112D9-4548-4523-A0E4-99FEFFA99B7C}.Release|Any CPU.Build.0 = Release|Any CPU
		{30FD608F-ECA1-4128-B476-00B68B2DF2A9}.Debug|Any CPU.ActiveCfg = Debug|Any CPU
		{30FD608F-ECA1-4128-B476-00B68B2DF2A9}.Debug|Any CPU.Build.0 = Debug|Any CPU
		{30FD608F-ECA1-4128-B476-00B68B2DF2A9}.Release|Any CPU.ActiveCfg = Release|Any CPU
		{30FD608F-ECA1-4128-B476-00B68B2DF2A9}.Release|Any CPU.Build.0 = Release|Any CPU
		{C9672B36-AC1F-4EDC-A18F-B5F6F79F24D6}.Debug|Any CPU.ActiveCfg = Debug
		{C9672B36-AC1F-4EDC-A18F-B5F6F79F24D6}.Debug|Any CPU.Build.0 = Debug
		{C9672B36-AC1F-4EDC-A18F-B5F6F79F24D6}.Release|Any CPU.ActiveCfg = Release
		{C9672B36-AC1F-4EDC-A18F-B5F6F79F24D6}.Release|Any CPU.Build.0 = Release
	EndGlobalSection
	GlobalSection(SolutionProperties) = preSolution
		HideSolutionNode = FALSE
	EndGlobalSection
EndGlobal
